// !$*UTF8*$!
{
	archiveVersion = 1;
	classes = {
	};
	objectVersion = 46;
	objects = {

/* Begin PBXBuildFile section */
		3E0CFC631C8C01EA005CBC64 /* RefractedTextFilter.swift in Sources */ = {isa = PBXBuildFile; fileRef = 3E0CFC621C8C01EA005CBC64 /* RefractedTextFilter.swift */; };
		3E0F65021C48BA2000852420 /* CustomFilters.swift in Sources */ = {isa = PBXBuildFile; fileRef = 3E0F65011C48BA2000852420 /* CustomFilters.swift */; };
		3E1B54561C69CB8700F57FF2 /* FilmicEffects.swift in Sources */ = {isa = PBXBuildFile; fileRef = 3E1B54551C69CB8700F57FF2 /* FilmicEffects.swift */; };
		3E1B54581C6A33EA00F57FF2 /* CarnivalMirror.swift in Sources */ = {isa = PBXBuildFile; fileRef = 3E1B54571C6A33EA00F57FF2 /* CarnivalMirror.swift */; };
		3E1B545A1C6B03CB00F57FF2 /* DitherBayer.cikernel in Resources */ = {isa = PBXBuildFile; fileRef = 3E1B54591C6B03CB00F57FF2 /* DitherBayer.cikernel */; };
		3E1B545C1C6B054A00F57FF2 /* ThirdPartyFilters.swift in Sources */ = {isa = PBXBuildFile; fileRef = 3E1B545B1C6B054A00F57FF2 /* ThirdPartyFilters.swift */; };
		3E1E3E6E1C4DF75E00EEF0D8 /* MercurializeFilter.swift in Sources */ = {isa = PBXBuildFile; fileRef = 3E1E3E6D1C4DF75E00EEF0D8 /* MercurializeFilter.swift */; };
		3E1E3E961C4F85D800EEF0D8 /* RGBChannelCompositing.swift in Sources */ = {isa = PBXBuildFile; fileRef = 3E1E3E951C4F85D800EEF0D8 /* RGBChannelCompositing.swift */; };
		3E1E3E9B1C4FA01200EEF0D8 /* OverlayWidgets.swift in Sources */ = {isa = PBXBuildFile; fileRef = 3E1E3E9A1C4FA01200EEF0D8 /* OverlayWidgets.swift */; };
		3E1E3E9F1C4FD31400EEF0D8 /* CRTFilter.swift in Sources */ = {isa = PBXBuildFile; fileRef = 3E1E3E9E1C4FD31400EEF0D8 /* CRTFilter.swift */; };
		3E1E3EA41C509A1500EEF0D8 /* KuwaharaFilter.swift in Sources */ = {isa = PBXBuildFile; fileRef = 3E1E3EA31C509A1500EEF0D8 /* KuwaharaFilter.swift */; };
		3E2760BE1CA5652C00C71B50 /* ModelIOGenerators.swift in Sources */ = {isa = PBXBuildFile; fileRef = 3E2760BD1CA5652C00C71B50 /* ModelIOGenerators.swift */; };
		3E39C7FB1CA0726C00D06D86 /* MultiBandHSV.swift in Sources */ = {isa = PBXBuildFile; fileRef = 3E39C7FA1CA0726C00D06D86 /* MultiBandHSV.swift */; };
		3E5928521C4D080D004BFA07 /* sunset.jpg in Resources */ = {isa = PBXBuildFile; fileRef = 3E5928511C4D080D004BFA07 /* sunset.jpg */; };
		3E74E7D51C36D3ED00F0BCCF /* CompositeOverBlackFilter.swift in Sources */ = {isa = PBXBuildFile; fileRef = 3E74E7D41C36D3ED00F0BCCF /* CompositeOverBlackFilter.swift */; };
		3E74E7D71C36D5E100F0BCCF /* FilterInputItemRenderer.swift in Sources */ = {isa = PBXBuildFile; fileRef = 3E74E7D61C36D5E100F0BCCF /* FilterInputItemRenderer.swift */; };
		3E74E7D91C36D61000F0BCCF /* Assets.swift in Sources */ = {isa = PBXBuildFile; fileRef = 3E74E7D81C36D61000F0BCCF /* Assets.swift */; };
		3E7505B11C5E0FA300248A3F /* carMascot.jpg in Resources */ = {isa = PBXBuildFile; fileRef = 3E7505B01C5E0FA300248A3F /* carMascot.jpg */; };
		3E8B99CC1CB8B54D007EA0CC /* VoronoiNoise.swift in Sources */ = {isa = PBXBuildFile; fileRef = 3E8B99CB1CB8B54C007EA0CC /* VoronoiNoise.swift */; };
		3E8B99CE1CB8B5BB007EA0CC /* Voronoi.cikernel in Resources */ = {isa = PBXBuildFile; fileRef = 3E8B99CD1CB8B5BB007EA0CC /* Voronoi.cikernel */; };
		3E9A720B1C325E5600CAD516 /* AppDelegate.swift in Sources */ = {isa = PBXBuildFile; fileRef = 3E9A720A1C325E5600CAD516 /* AppDelegate.swift */; };
		3E9A720D1C325E5600CAD516 /* ViewController.swift in Sources */ = {isa = PBXBuildFile; fileRef = 3E9A720C1C325E5600CAD516 /* ViewController.swift */; };
		3E9A72101C325E5600CAD516 /* Main.storyboard in Resources */ = {isa = PBXBuildFile; fileRef = 3E9A720E1C325E5600CAD516 /* Main.storyboard */; };
		3E9A72121C325E5600CAD516 /* Assets.xcassets in Resources */ = {isa = PBXBuildFile; fileRef = 3E9A72111C325E5600CAD516 /* Assets.xcassets */; };
		3E9A72151C325E5600CAD516 /* LaunchScreen.storyboard in Resources */ = {isa = PBXBuildFile; fileRef = 3E9A72131C325E5600CAD516 /* LaunchScreen.storyboard */; };
		3E9A721E1C32662B00CAD516 /* FilterNavigator.swift in Sources */ = {isa = PBXBuildFile; fileRef = 3E9A721D1C32662B00CAD516 /* FilterNavigator.swift */; };
		3E9A72201C329CFE00CAD516 /* FilterDetail.swift in Sources */ = {isa = PBXBuildFile; fileRef = 3E9A721F1C329CFE00CAD516 /* FilterDetail.swift */; };
		3E9A72221C32FCF000CAD516 /* LabelledSlider.swift in Sources */ = {isa = PBXBuildFile; fileRef = 3E9A72211C32FCF000CAD516 /* LabelledSlider.swift */; };
		3E9A72241C33146000CAD516 /* VectorSlider.swift in Sources */ = {isa = PBXBuildFile; fileRef = 3E9A72231C33146000CAD516 /* VectorSlider.swift */; };
		3E9A72281C33A8AB00CAD516 /* monalisa.jpg in Resources */ = {isa = PBXBuildFile; fileRef = 3E9A72261C33A8AB00CAD516 /* monalisa.jpg */; };
		3E9A72291C33A8AB00CAD516 /* sunflower.jpg in Resources */ = {isa = PBXBuildFile; fileRef = 3E9A72271C33A8AB00CAD516 /* sunflower.jpg */; };
		3E9A722F1C350E6A00CAD516 /* stop.jpg in Resources */ = {isa = PBXBuildFile; fileRef = 3E9A722E1C350E6A00CAD516 /* stop.jpg */; };
		3E9A72351C35101A00CAD516 /* vegas.jpg in Resources */ = {isa = PBXBuildFile; fileRef = 3E9A72341C35101A00CAD516 /* vegas.jpg */; };
		3E9A72371C35250100CAD516 /* screenshot.jpg in Resources */ = {isa = PBXBuildFile; fileRef = 3E9A72361C35250100CAD516 /* screenshot.jpg */; };
		3E9CD5041C9C211100C67CB5 /* SobelEdgeDetection.swift in Sources */ = {isa = PBXBuildFile; fileRef = 3E9CD5031C9C211100C67CB5 /* SobelEdgeDetection.swift */; };
		3EA75FE01CB5116900831CC1 /* ColorDirectedBlur.swift in Sources */ = {isa = PBXBuildFile; fileRef = 3EA75FDF1CB5116900831CC1 /* ColorDirectedBlur.swift */; };
		3EA75FE51CB6347E00831CC1 /* CMYKRegistrationMismatch.swift in Sources */ = {isa = PBXBuildFile; fileRef = 3EA75FE41CB6347E00831CC1 /* CMYKRegistrationMismatch.swift */; };
		3EB3B0291CB395710053BB5F /* Extensions.swift in Sources */ = {isa = PBXBuildFile; fileRef = 3EB3B0281CB395710053BB5F /* Extensions.swift */; };
		3EC5C9921C7987120053EAED /* CompoundEye.swift in Sources */ = {isa = PBXBuildFile; fileRef = 3EC5C9911C7987120053EAED /* CompoundEye.swift */; };
		3EC6D0C31CA4FDB0003B5E90 /* coffeecup.jpg in Resources */ = {isa = PBXBuildFile; fileRef = 3EC6D0C21CA4FDB0003B5E90 /* coffeecup.jpg */; };
		3ED828441CB8E38400F67BB2 /* CausticRefraction.swift in Sources */ = {isa = PBXBuildFile; fileRef = 3ED828431CB8E38400F67BB2 /* CausticRefraction.swift */; };
		3EF5C5951C67B229005071BF /* EightBit.swift in Sources */ = {isa = PBXBuildFile; fileRef = 3EF5C5941C67B229005071BF /* EightBit.swift */; };
		3EF73A7F1C54902B0071B584 /* Shaders.metal in Sources */ = {isa = PBXBuildFile; fileRef = 3EF73A7E1C54902B0071B584 /* Shaders.metal */; };
		3EF73A811C5490540071B584 /* MetalFilters.swift in Sources */ = {isa = PBXBuildFile; fileRef = 3EF73A801C5490540071B584 /* MetalFilters.swift */; };
/* End PBXBuildFile section */

/* Begin PBXFileReference section */
		3E0CFC621C8C01EA005CBC64 /* RefractedTextFilter.swift */ = {isa = PBXFileReference; fileEncoding = 4; lastKnownFileType = sourcecode.swift; name = RefractedTextFilter.swift; path = customFilters/RefractedTextFilter.swift; sourceTree = "<group>"; };
		3E0F65011C48BA2000852420 /* CustomFilters.swift */ = {isa = PBXFileReference; fileEncoding = 4; lastKnownFileType = sourcecode.swift; name = CustomFilters.swift; path = customFilters/CustomFilters.swift; sourceTree = "<group>"; };
		3E1B54551C69CB8700F57FF2 /* FilmicEffects.swift */ = {isa = PBXFileReference; fileEncoding = 4; lastKnownFileType = sourcecode.swift; name = FilmicEffects.swift; path = customFilters/FilmicEffects.swift; sourceTree = "<group>"; };
		3E1B54571C6A33EA00F57FF2 /* CarnivalMirror.swift */ = {isa = PBXFileReference; fileEncoding = 4; lastKnownFileType = sourcecode.swift; name = CarnivalMirror.swift; path = customFilters/CarnivalMirror.swift; sourceTree = "<group>"; };
		3E1B54591C6B03CB00F57FF2 /* DitherBayer.cikernel */ = {isa = PBXFileReference; fileEncoding = 4; lastKnownFileType = text; name = DitherBayer.cikernel; path = customFilters/DitherBayer.cikernel; sourceTree = "<group>"; };
		3E1B545B1C6B054A00F57FF2 /* ThirdPartyFilters.swift */ = {isa = PBXFileReference; fileEncoding = 4; lastKnownFileType = sourcecode.swift; name = ThirdPartyFilters.swift; path = customFilters/ThirdPartyFilters.swift; sourceTree = "<group>"; };
		3E1E3E6D1C4DF75E00EEF0D8 /* MercurializeFilter.swift */ = {isa = PBXFileReference; fileEncoding = 4; lastKnownFileType = sourcecode.swift; name = MercurializeFilter.swift; path = customFilters/MercurializeFilter.swift; sourceTree = "<group>"; };
		3E1E3E951C4F85D800EEF0D8 /* RGBChannelCompositing.swift */ = {isa = PBXFileReference; fileEncoding = 4; lastKnownFileType = sourcecode.swift; name = RGBChannelCompositing.swift; path = customFilters/RGBChannelCompositing.swift; sourceTree = "<group>"; };
		3E1E3E9A1C4FA01200EEF0D8 /* OverlayWidgets.swift */ = {isa = PBXFileReference; fileEncoding = 4; lastKnownFileType = sourcecode.swift; name = OverlayWidgets.swift; path = overlayWidgets/OverlayWidgets.swift; sourceTree = "<group>"; };
		3E1E3E9E1C4FD31400EEF0D8 /* CRTFilter.swift */ = {isa = PBXFileReference; fileEncoding = 4; lastKnownFileType = sourcecode.swift; name = CRTFilter.swift; path = customFilters/CRTFilter.swift; sourceTree = "<group>"; };
		3E1E3EA31C509A1500EEF0D8 /* KuwaharaFilter.swift */ = {isa = PBXFileReference; fileEncoding = 4; lastKnownFileType = sourcecode.swift; name = KuwaharaFilter.swift; path = customFilters/KuwaharaFilter.swift; sourceTree = "<group>"; };
		3E2760BD1CA5652C00C71B50 /* ModelIOGenerators.swift */ = {isa = PBXFileReference; fileEncoding = 4; lastKnownFileType = sourcecode.swift; name = ModelIOGenerators.swift; path = customFilters/ModelIOGenerators.swift; sourceTree = "<group>"; };
		3E39C7FA1CA0726C00D06D86 /* MultiBandHSV.swift */ = {isa = PBXFileReference; fileEncoding = 4; lastKnownFileType = sourcecode.swift; name = MultiBandHSV.swift; path = customFilters/MultiBandHSV.swift; sourceTree = "<group>"; };
		3E5928511C4D080D004BFA07 /* sunset.jpg */ = {isa = PBXFileReference; lastKnownFileType = image.jpeg; name = sunset.jpg; path = assets/sunset.jpg; sourceTree = "<group>"; };
		3E74E7D41C36D3ED00F0BCCF /* CompositeOverBlackFilter.swift */ = {isa = PBXFileReference; fileEncoding = 4; lastKnownFileType = sourcecode.swift; name = CompositeOverBlackFilter.swift; path = components/CompositeOverBlackFilter.swift; sourceTree = "<group>"; };
		3E74E7D61C36D5E100F0BCCF /* FilterInputItemRenderer.swift */ = {isa = PBXFileReference; fileEncoding = 4; lastKnownFileType = sourcecode.swift; name = FilterInputItemRenderer.swift; path = components/FilterInputItemRenderer.swift; sourceTree = "<group>"; };
		3E74E7D81C36D61000F0BCCF /* Assets.swift */ = {isa = PBXFileReference; fileEncoding = 4; lastKnownFileType = sourcecode.swift; name = Assets.swift; path = assets/Assets.swift; sourceTree = "<group>"; };
		3E7505B01C5E0FA300248A3F /* carMascot.jpg */ = {isa = PBXFileReference; lastKnownFileType = image.jpeg; name = carMascot.jpg; path = assets/carMascot.jpg; sourceTree = "<group>"; };
		3E8B99CB1CB8B54C007EA0CC /* VoronoiNoise.swift */ = {isa = PBXFileReference; fileEncoding = 4; lastKnownFileType = sourcecode.swift; path = VoronoiNoise.swift; sourceTree = "<group>"; };
		3E8B99CD1CB8B5BB007EA0CC /* Voronoi.cikernel */ = {isa = PBXFileReference; fileEncoding = 4; lastKnownFileType = text; name = Voronoi.cikernel; path = customFilters/Voronoi.cikernel; sourceTree = "<group>"; };
		3E9A72071C325E5600CAD516 /* Filterpedia.app */ = {isa = PBXFileReference; explicitFileType = wrapper.application; includeInIndex = 0; path = Filterpedia.app; sourceTree = BUILT_PRODUCTS_DIR; };
		3E9A720A1C325E5600CAD516 /* AppDelegate.swift */ = {isa = PBXFileReference; lastKnownFileType = sourcecode.swift; path = AppDelegate.swift; sourceTree = "<group>"; };
		3E9A720C1C325E5600CAD516 /* ViewController.swift */ = {isa = PBXFileReference; lastKnownFileType = sourcecode.swift; path = ViewController.swift; sourceTree = "<group>"; };
		3E9A720F1C325E5600CAD516 /* Base */ = {isa = PBXFileReference; lastKnownFileType = file.storyboard; name = Base; path = Base.lproj/Main.storyboard; sourceTree = "<group>"; };
		3E9A72111C325E5600CAD516 /* Assets.xcassets */ = {isa = PBXFileReference; lastKnownFileType = folder.assetcatalog; path = Assets.xcassets; sourceTree = "<group>"; };
		3E9A72141C325E5600CAD516 /* Base */ = {isa = PBXFileReference; lastKnownFileType = file.storyboard; name = Base; path = Base.lproj/LaunchScreen.storyboard; sourceTree = "<group>"; };
		3E9A72161C325E5600CAD516 /* Info.plist */ = {isa = PBXFileReference; lastKnownFileType = text.plist.xml; path = Info.plist; sourceTree = "<group>"; };
		3E9A721D1C32662B00CAD516 /* FilterNavigator.swift */ = {isa = PBXFileReference; fileEncoding = 4; lastKnownFileType = sourcecode.swift; name = FilterNavigator.swift; path = components/FilterNavigator.swift; sourceTree = "<group>"; };
		3E9A721F1C329CFE00CAD516 /* FilterDetail.swift */ = {isa = PBXFileReference; fileEncoding = 4; lastKnownFileType = sourcecode.swift; name = FilterDetail.swift; path = components/FilterDetail.swift; sourceTree = "<group>"; };
		3E9A72211C32FCF000CAD516 /* LabelledSlider.swift */ = {isa = PBXFileReference; fileEncoding = 4; lastKnownFileType = sourcecode.swift; name = LabelledSlider.swift; path = components/LabelledSlider.swift; sourceTree = "<group>"; };
		3E9A72231C33146000CAD516 /* VectorSlider.swift */ = {isa = PBXFileReference; fileEncoding = 4; lastKnownFileType = sourcecode.swift; name = VectorSlider.swift; path = components/VectorSlider.swift; sourceTree = "<group>"; };
		3E9A72261C33A8AB00CAD516 /* monalisa.jpg */ = {isa = PBXFileReference; lastKnownFileType = image.jpeg; name = monalisa.jpg; path = assets/monalisa.jpg; sourceTree = "<group>"; };
		3E9A72271C33A8AB00CAD516 /* sunflower.jpg */ = {isa = PBXFileReference; lastKnownFileType = image.jpeg; name = sunflower.jpg; path = assets/sunflower.jpg; sourceTree = "<group>"; };
		3E9A722E1C350E6A00CAD516 /* stop.jpg */ = {isa = PBXFileReference; lastKnownFileType = image.jpeg; name = stop.jpg; path = assets/stop.jpg; sourceTree = "<group>"; };
		3E9A72341C35101A00CAD516 /* vegas.jpg */ = {isa = PBXFileReference; lastKnownFileType = image.jpeg; name = vegas.jpg; path = assets/vegas.jpg; sourceTree = "<group>"; };
		3E9A72361C35250100CAD516 /* screenshot.jpg */ = {isa = PBXFileReference; lastKnownFileType = image.jpeg; name = screenshot.jpg; path = assets/screenshot.jpg; sourceTree = "<group>"; };
		3E9CD5031C9C211100C67CB5 /* SobelEdgeDetection.swift */ = {isa = PBXFileReference; fileEncoding = 4; lastKnownFileType = sourcecode.swift; name = SobelEdgeDetection.swift; path = customFilters/SobelEdgeDetection.swift; sourceTree = "<group>"; };
		3EA75FDF1CB5116900831CC1 /* ColorDirectedBlur.swift */ = {isa = PBXFileReference; fileEncoding = 4; lastKnownFileType = sourcecode.swift; name = ColorDirectedBlur.swift; path = customFilters/ColorDirectedBlur.swift; sourceTree = "<group>"; };
		3EA75FE41CB6347E00831CC1 /* CMYKRegistrationMismatch.swift */ = {isa = PBXFileReference; fileEncoding = 4; lastKnownFileType = sourcecode.swift; name = CMYKRegistrationMismatch.swift; path = customFilters/CMYKRegistrationMismatch.swift; sourceTree = "<group>"; };
		3EB3B0281CB395710053BB5F /* Extensions.swift */ = {isa = PBXFileReference; fileEncoding = 4; lastKnownFileType = sourcecode.swift; name = Extensions.swift; path = extensions/Extensions.swift; sourceTree = "<group>"; };
		3EC5C9911C7987120053EAED /* CompoundEye.swift */ = {isa = PBXFileReference; fileEncoding = 4; lastKnownFileType = sourcecode.swift; name = CompoundEye.swift; path = customFilters/CompoundEye.swift; sourceTree = "<group>"; };
		3EC6D0C21CA4FDB0003B5E90 /* coffeecup.jpg */ = {isa = PBXFileReference; lastKnownFileType = image.jpeg; name = coffeecup.jpg; path = assets/coffeecup.jpg; sourceTree = "<group>"; };
		3ED828431CB8E38400F67BB2 /* CausticRefraction.swift */ = {isa = PBXFileReference; fileEncoding = 4; lastKnownFileType = sourcecode.swift; name = CausticRefraction.swift; path = customFilters/CausticRefraction.swift; sourceTree = "<group>"; };
		3EF5C5941C67B229005071BF /* EightBit.swift */ = {isa = PBXFileReference; fileEncoding = 4; lastKnownFileType = sourcecode.swift; name = EightBit.swift; path = customFilters/EightBit.swift; sourceTree = "<group>"; };
		3EF73A7E1C54902B0071B584 /* Shaders.metal */ = {isa = PBXFileReference; fileEncoding = 4; lastKnownFileType = sourcecode.metal; name = Shaders.metal; path = customFilters/metalFilters/Shaders.metal; sourceTree = "<group>"; };
		3EF73A801C5490540071B584 /* MetalFilters.swift */ = {isa = PBXFileReference; fileEncoding = 4; lastKnownFileType = sourcecode.swift; name = MetalFilters.swift; path = customFilters/metalFilters/MetalFilters.swift; sourceTree = "<group>"; };
/* End PBXFileReference section */

/* Begin PBXFrameworksBuildPhase section */
		3E9A72041C325E5600CAD516 /* Frameworks */ = {
			isa = PBXFrameworksBuildPhase;
			buildActionMask = 2147483647;
			files = (
			);
			runOnlyForDeploymentPostprocessing = 0;
		};
/* End PBXFrameworksBuildPhase section */

/* Begin PBXGroup section */
		3E0F65001C48BA0500852420 /* customFilters */ = {
			isa = PBXGroup;
			children = (
				3E1B54591C6B03CB00F57FF2 /* DitherBayer.cikernel */,
				3EF73A7D1C5490090071B584 /* metalFilters */,
				3E0F65011C48BA2000852420 /* CustomFilters.swift */,
				3ED828431CB8E38400F67BB2 /* CausticRefraction.swift */,
				3E1E3E6D1C4DF75E00EEF0D8 /* MercurializeFilter.swift */,
				3E1E3E951C4F85D800EEF0D8 /* RGBChannelCompositing.swift */,
				3E1E3E9E1C4FD31400EEF0D8 /* CRTFilter.swift */,
				3E1E3EA31C509A1500EEF0D8 /* KuwaharaFilter.swift */,
				3EF5C5941C67B229005071BF /* EightBit.swift */,
				3E1B54551C69CB8700F57FF2 /* FilmicEffects.swift */,
				3E1B54571C6A33EA00F57FF2 /* CarnivalMirror.swift */,
				3E9CD5031C9C211100C67CB5 /* SobelEdgeDetection.swift */,
				3E1B545B1C6B054A00F57FF2 /* ThirdPartyFilters.swift */,
				3EC5C9911C7987120053EAED /* CompoundEye.swift */,
				3E0CFC621C8C01EA005CBC64 /* RefractedTextFilter.swift */,
				3E39C7FA1CA0726C00D06D86 /* MultiBandHSV.swift */,
				3E2760BD1CA5652C00C71B50 /* ModelIOGenerators.swift */,
				3EA75FDF1CB5116900831CC1 /* ColorDirectedBlur.swift */,
				3EA75FE41CB6347E00831CC1 /* CMYKRegistrationMismatch.swift */,
				3E8B99CB1CB8B54C007EA0CC /* VoronoiNoise.swift */,
				3E8B99CD1CB8B5BB007EA0CC /* Voronoi.cikernel */,
			);
			name = customFilters;
			sourceTree = "<group>";
		};
		3E1E3E991C4F9FB000EEF0D8 /* overlayWidgets */ = {
			isa = PBXGroup;
			children = (
				3E1E3E9A1C4FA01200EEF0D8 /* OverlayWidgets.swift */,
			);
			name = overlayWidgets;
			sourceTree = "<group>";
		};
		3E9A71FE1C325E5600CAD516 = {
			isa = PBXGroup;
			children = (
				3E9A72091C325E5600CAD516 /* Filterpedia */,
				3E9A72081C325E5600CAD516 /* Products */,
			);
			sourceTree = "<group>";
		};
		3E9A72081C325E5600CAD516 /* Products */ = {
			isa = PBXGroup;
			children = (
				3E9A72071C325E5600CAD516 /* Filterpedia.app */,
			);
			name = Products;
			sourceTree = "<group>";
		};
		3E9A72091C325E5600CAD516 /* Filterpedia */ = {
			isa = PBXGroup;
			children = (
				3EB3B0271CB3955B0053BB5F /* extensions */,
				3E1E3E991C4F9FB000EEF0D8 /* overlayWidgets */,
				3E0F65001C48BA0500852420 /* customFilters */,
				3E9A72251C33A7B100CAD516 /* assets */,
				3E9A721C1C32660700CAD516 /* components */,
				3E9A720A1C325E5600CAD516 /* AppDelegate.swift */,
				3E9A720C1C325E5600CAD516 /* ViewController.swift */,
				3E9A720E1C325E5600CAD516 /* Main.storyboard */,
				3E9A72111C325E5600CAD516 /* Assets.xcassets */,
				3E9A72131C325E5600CAD516 /* LaunchScreen.storyboard */,
				3E9A72161C325E5600CAD516 /* Info.plist */,
			);
			path = Filterpedia;
			sourceTree = "<group>";
		};
		3E9A721C1C32660700CAD516 /* components */ = {
			isa = PBXGroup;
			children = (
				3E9A721D1C32662B00CAD516 /* FilterNavigator.swift */,
				3E9A721F1C329CFE00CAD516 /* FilterDetail.swift */,
				3E9A72211C32FCF000CAD516 /* LabelledSlider.swift */,
				3E9A72231C33146000CAD516 /* VectorSlider.swift */,
				3E74E7D61C36D5E100F0BCCF /* FilterInputItemRenderer.swift */,
				3E74E7D41C36D3ED00F0BCCF /* CompositeOverBlackFilter.swift */,
			);
			name = components;
			sourceTree = "<group>";
		};
		3E9A72251C33A7B100CAD516 /* assets */ = {
			isa = PBXGroup;
			children = (
				3EC6D0C21CA4FDB0003B5E90 /* coffeecup.jpg */,
				3E7505B01C5E0FA300248A3F /* carMascot.jpg */,
				3E5928511C4D080D004BFA07 /* sunset.jpg */,
				3E74E7D81C36D61000F0BCCF /* Assets.swift */,
				3E9A72361C35250100CAD516 /* screenshot.jpg */,
				3E9A72341C35101A00CAD516 /* vegas.jpg */,
				3E9A722E1C350E6A00CAD516 /* stop.jpg */,
				3E9A72261C33A8AB00CAD516 /* monalisa.jpg */,
				3E9A72271C33A8AB00CAD516 /* sunflower.jpg */,
			);
			name = assets;
			sourceTree = "<group>";
		};
		3EB3B0271CB3955B0053BB5F /* extensions */ = {
			isa = PBXGroup;
			children = (
				3EB3B0281CB395710053BB5F /* Extensions.swift */,
			);
			name = extensions;
			sourceTree = "<group>";
		};
		3EF73A7D1C5490090071B584 /* metalFilters */ = {
			isa = PBXGroup;
			children = (
				3EF73A7E1C54902B0071B584 /* Shaders.metal */,
				3EF73A801C5490540071B584 /* MetalFilters.swift */,
			);
			name = metalFilters;
			sourceTree = "<group>";
		};
/* End PBXGroup section */

/* Begin PBXNativeTarget section */
		3E9A72061C325E5600CAD516 /* Filterpedia */ = {
			isa = PBXNativeTarget;
			buildConfigurationList = 3E9A72191C325E5600CAD516 /* Build configuration list for PBXNativeTarget "Filterpedia" */;
			buildPhases = (
				3E9A72031C325E5600CAD516 /* Sources */,
				3E9A72041C325E5600CAD516 /* Frameworks */,
				3E9A72051C325E5600CAD516 /* Resources */,
			);
			buildRules = (
			);
			dependencies = (
			);
			name = Filterpedia;
			productName = Filterpedia;
			productReference = 3E9A72071C325E5600CAD516 /* Filterpedia.app */;
			productType = "com.apple.product-type.application";
		};
/* End PBXNativeTarget section */

/* Begin PBXProject section */
		3E9A71FF1C325E5600CAD516 /* Project object */ = {
			isa = PBXProject;
			attributes = {
				LastSwiftUpdateCheck = 0720;
				LastUpgradeCheck = 0720;
				ORGANIZATIONNAME = "Simon Gladman";
				TargetAttributes = {
					3E9A72061C325E5600CAD516 = {
						CreatedOnToolsVersion = 7.2;
					};
				};
			};
			buildConfigurationList = 3E9A72021C325E5600CAD516 /* Build configuration list for PBXProject "Filterpedia" */;
			compatibilityVersion = "Xcode 3.2";
			developmentRegion = English;
			hasScannedForEncodings = 0;
			knownRegions = (
				en,
				Base,
			);
			mainGroup = 3E9A71FE1C325E5600CAD516;
			productRefGroup = 3E9A72081C325E5600CAD516 /* Products */;
			projectDirPath = "";
			projectRoot = "";
			targets = (
				3E9A72061C325E5600CAD516 /* Filterpedia */,
			);
		};
/* End PBXProject section */

/* Begin PBXResourcesBuildPhase section */
		3E9A72051C325E5600CAD516 /* Resources */ = {
			isa = PBXResourcesBuildPhase;
			buildActionMask = 2147483647;
			files = (
				3EC6D0C31CA4FDB0003B5E90 /* coffeecup.jpg in Resources */,
				3E9A722F1C350E6A00CAD516 /* stop.jpg in Resources */,
				3E9A72371C35250100CAD516 /* screenshot.jpg in Resources */,
				3E8B99CE1CB8B5BB007EA0CC /* Voronoi.cikernel in Resources */,
				3E7505B11C5E0FA300248A3F /* carMascot.jpg in Resources */,
				3E5928521C4D080D004BFA07 /* sunset.jpg in Resources */,
				3E9A72151C325E5600CAD516 /* LaunchScreen.storyboard in Resources */,
				3E9A72121C325E5600CAD516 /* Assets.xcassets in Resources */,
				3E9A72101C325E5600CAD516 /* Main.storyboard in Resources */,
				3E9A72291C33A8AB00CAD516 /* sunflower.jpg in Resources */,
				3E9A72281C33A8AB00CAD516 /* monalisa.jpg in Resources */,
				3E9A72351C35101A00CAD516 /* vegas.jpg in Resources */,
				3E1B545A1C6B03CB00F57FF2 /* DitherBayer.cikernel in Resources */,
			);
			runOnlyForDeploymentPostprocessing = 0;
		};
/* End PBXResourcesBuildPhase section */

/* Begin PBXSourcesBuildPhase section */
		3E9A72031C325E5600CAD516 /* Sources */ = {
			isa = PBXSourcesBuildPhase;
			buildActionMask = 2147483647;
			files = (
				3E9CD5041C9C211100C67CB5 /* SobelEdgeDetection.swift in Sources */,
				3E2760BE1CA5652C00C71B50 /* ModelIOGenerators.swift in Sources */,
				3ED828441CB8E38400F67BB2 /* CausticRefraction.swift in Sources */,
				3EF5C5951C67B229005071BF /* EightBit.swift in Sources */,
				3EA75FE51CB6347E00831CC1 /* CMYKRegistrationMismatch.swift in Sources */,
				3E9A721E1C32662B00CAD516 /* FilterNavigator.swift in Sources */,
				3E1B54561C69CB8700F57FF2 /* FilmicEffects.swift in Sources */,
				3E9A720D1C325E5600CAD516 /* ViewController.swift in Sources */,
				3E9A72221C32FCF000CAD516 /* LabelledSlider.swift in Sources */,
				3E74E7D71C36D5E100F0BCCF /* FilterInputItemRenderer.swift in Sources */,
				3EF73A7F1C54902B0071B584 /* Shaders.metal in Sources */,
				3E9A72201C329CFE00CAD516 /* FilterDetail.swift in Sources */,
				3E1B54581C6A33EA00F57FF2 /* CarnivalMirror.swift in Sources */,
				3E0F65021C48BA2000852420 /* CustomFilters.swift in Sources */,
				3E9A720B1C325E5600CAD516 /* AppDelegate.swift in Sources */,
				3E1E3E9B1C4FA01200EEF0D8 /* OverlayWidgets.swift in Sources */,
				3EA75FE01CB5116900831CC1 /* ColorDirectedBlur.swift in Sources */,
				3E1E3E9F1C4FD31400EEF0D8 /* CRTFilter.swift in Sources */,
				3E1E3EA41C509A1500EEF0D8 /* KuwaharaFilter.swift in Sources */,
				3E74E7D51C36D3ED00F0BCCF /* CompositeOverBlackFilter.swift in Sources */,
				3EC5C9921C7987120053EAED /* CompoundEye.swift in Sources */,
				3E1E3E961C4F85D800EEF0D8 /* RGBChannelCompositing.swift in Sources */,
				3E39C7FB1CA0726C00D06D86 /* MultiBandHSV.swift in Sources */,
				3E1E3E6E1C4DF75E00EEF0D8 /* MercurializeFilter.swift in Sources */,
				3E1B545C1C6B054A00F57FF2 /* ThirdPartyFilters.swift in Sources */,
				3EF73A811C5490540071B584 /* MetalFilters.swift in Sources */,
				3E9A72241C33146000CAD516 /* VectorSlider.swift in Sources */,
				3E74E7D91C36D61000F0BCCF /* Assets.swift in Sources */,
				3E0CFC631C8C01EA005CBC64 /* RefractedTextFilter.swift in Sources */,
				3EB3B0291CB395710053BB5F /* Extensions.swift in Sources */,
				3E8B99CC1CB8B54D007EA0CC /* VoronoiNoise.swift in Sources */,
			);
			runOnlyForDeploymentPostprocessing = 0;
		};
/* End PBXSourcesBuildPhase section */

/* Begin PBXVariantGroup section */
		3E9A720E1C325E5600CAD516 /* Main.storyboard */ = {
			isa = PBXVariantGroup;
			children = (
				3E9A720F1C325E5600CAD516 /* Base */,
			);
			name = Main.storyboard;
			sourceTree = "<group>";
		};
		3E9A72131C325E5600CAD516 /* LaunchScreen.storyboard */ = {
			isa = PBXVariantGroup;
			children = (
				3E9A72141C325E5600CAD516 /* Base */,
			);
			name = LaunchScreen.storyboard;
			sourceTree = "<group>";
		};
/* End PBXVariantGroup section */

/* Begin XCBuildConfiguration section */
		3E9A72171C325E5600CAD516 /* Debug */ = {
			isa = XCBuildConfiguration;
			buildSettings = {
				ALWAYS_SEARCH_USER_PATHS = NO;
				CLANG_CXX_LANGUAGE_STANDARD = "gnu++0x";
				CLANG_CXX_LIBRARY = "libc++";
				CLANG_ENABLE_MODULES = YES;
				CLANG_ENABLE_OBJC_ARC = YES;
				CLANG_WARN_BOOL_CONVERSION = YES;
				CLANG_WARN_CONSTANT_CONVERSION = YES;
				CLANG_WARN_DIRECT_OBJC_ISA_USAGE = YES_ERROR;
				CLANG_WARN_EMPTY_BODY = YES;
				CLANG_WARN_ENUM_CONVERSION = YES;
				CLANG_WARN_INT_CONVERSION = YES;
				CLANG_WARN_OBJC_ROOT_CLASS = YES_ERROR;
				CLANG_WARN_UNREACHABLE_CODE = YES;
				CLANG_WARN__DUPLICATE_METHOD_MATCH = YES;
				"CODE_SIGN_IDENTITY[sdk=iphoneos*]" = "iPhone Developer";
				COPY_PHASE_STRIP = NO;
				DEBUG_INFORMATION_FORMAT = dwarf;
				ENABLE_STRICT_OBJC_MSGSEND = YES;
				ENABLE_TESTABILITY = YES;
				GCC_C_LANGUAGE_STANDARD = gnu99;
				GCC_DYNAMIC_NO_PIC = NO;
				GCC_NO_COMMON_BLOCKS = YES;
				GCC_OPTIMIZATION_LEVEL = 0;
				GCC_PREPROCESSOR_DEFINITIONS = (
					"DEBUG=1",
					"$(inherited)",
				);
				GCC_WARN_64_TO_32_BIT_CONVERSION = YES;
				GCC_WARN_ABOUT_RETURN_TYPE = YES_ERROR;
				GCC_WARN_UNDECLARED_SELECTOR = YES;
				GCC_WARN_UNINITIALIZED_AUTOS = YES_AGGRESSIVE;
				GCC_WARN_UNUSED_FUNCTION = YES;
				GCC_WARN_UNUSED_VARIABLE = YES;
				IPHONEOS_DEPLOYMENT_TARGET = 9.2;
				MTL_ENABLE_DEBUG_INFO = YES;
				ONLY_ACTIVE_ARCH = YES;
				SDKROOT = iphoneos;
				SWIFT_OPTIMIZATION_LEVEL = "-Onone";
				TARGETED_DEVICE_FAMILY = 2;
			};
			name = Debug;
		};
		3E9A72181C325E5600CAD516 /* Release */ = {
			isa = XCBuildConfiguration;
			buildSettings = {
				ALWAYS_SEARCH_USER_PATHS = NO;
				CLANG_CXX_LANGUAGE_STANDARD = "gnu++0x";
				CLANG_CXX_LIBRARY = "libc++";
				CLANG_ENABLE_MODULES = YES;
				CLANG_ENABLE_OBJC_ARC = YES;
				CLANG_WARN_BOOL_CONVERSION = YES;
				CLANG_WARN_CONSTANT_CONVERSION = YES;
				CLANG_WARN_DIRECT_OBJC_ISA_USAGE = YES_ERROR;
				CLANG_WARN_EMPTY_BODY = YES;
				CLANG_WARN_ENUM_CONVERSION = YES;
				CLANG_WARN_INT_CONVERSION = YES;
				CLANG_WARN_OBJC_ROOT_CLASS = YES_ERROR;
				CLANG_WARN_UNREACHABLE_CODE = YES;
				CLANG_WARN__DUPLICATE_METHOD_MATCH = YES;
				"CODE_SIGN_IDENTITY[sdk=iphoneos*]" = "iPhone Developer";
				COPY_PHASE_STRIP = NO;
				DEBUG_INFORMATION_FORMAT = "dwarf-with-dsym";
				ENABLE_NS_ASSERTIONS = NO;
				ENABLE_STRICT_OBJC_MSGSEND = YES;
				GCC_C_LANGUAGE_STANDARD = gnu99;
				GCC_NO_COMMON_BLOCKS = YES;
				GCC_WARN_64_TO_32_BIT_CONVERSION = YES;
				GCC_WARN_ABOUT_RETURN_TYPE = YES_ERROR;
				GCC_WARN_UNDECLARED_SELECTOR = YES;
				GCC_WARN_UNINITIALIZED_AUTOS = YES_AGGRESSIVE;
				GCC_WARN_UNUSED_FUNCTION = YES;
				GCC_WARN_UNUSED_VARIABLE = YES;
				IPHONEOS_DEPLOYMENT_TARGET = 9.2;
				MTL_ENABLE_DEBUG_INFO = NO;
				SDKROOT = iphoneos;
				TARGETED_DEVICE_FAMILY = 2;
				VALIDATE_PRODUCT = YES;
			};
			name = Release;
		};
		3E9A721A1C325E5600CAD516 /* Debug */ = {
			isa = XCBuildConfiguration;
			buildSettings = {
				ASSETCATALOG_COMPILER_APPICON_NAME = AppIcon;
				INFOPLIST_FILE = Filterpedia/Info.plist;
				LD_RUNPATH_SEARCH_PATHS = "$(inherited) @executable_path/Frameworks";
				PRODUCT_BUNDLE_IDENTIFIER = uk.co.flexmonkey.Filterpedia;
				PRODUCT_NAME = "$(TARGET_NAME)";
				TARGETED_DEVICE_FAMILY = 2;
			};
			name = Debug;
		};
		3E9A721B1C325E5600CAD516 /* Release */ = {
			isa = XCBuildConfiguration;
			buildSettings = {
				ASSETCATALOG_COMPILER_APPICON_NAME = AppIcon;
				INFOPLIST_FILE = Filterpedia/Info.plist;
				LD_RUNPATH_SEARCH_PATHS = "$(inherited) @executable_path/Frameworks";
				PRODUCT_BUNDLE_IDENTIFIER = uk.co.flexmonkey.Filterpedia;
				PRODUCT_NAME = "$(TARGET_NAME)";
				TARGETED_DEVICE_FAMILY = 2;
			};
			name = Release;
		};
/* End XCBuildConfiguration section */

/* Begin XCConfigurationList section */
		3E9A72021C325E5600CAD516 /* Build configuration list for PBXProject "Filterpedia" */ = {
			isa = XCConfigurationList;
			buildConfigurations = (
				3E9A72171C325E5600CAD516 /* Debug */,
				3E9A72181C325E5600CAD516 /* Release */,
			);
			defaultConfigurationIsVisible = 0;
			defaultConfigurationName = Release;
		};
		3E9A72191C325E5600CAD516 /* Build configuration list for PBXNativeTarget "Filterpedia" */ = {
			isa = XCConfigurationList;
			buildConfigurations = (
				3E9A721A1C325E5600CAD516 /* Debug */,
				3E9A721B1C325E5600CAD516 /* Release */,
			);
			defaultConfigurationIsVisible = 0;
			defaultConfigurationName = Release;
		};
/* End XCConfigurationList section */
	};
	rootObject = 3E9A71FF1C325E5600CAD516 /* Project object */;
}
